
Microsoft Visual Studio Solution File, Format Version 12.00
# Visual Studio Version 17
VisualStudioVersion = 17.11.35222.181
MinimumVisualStudioVersion = 10.0.40219.1
Project("{F184B08F-C81C-45F6-A57F-5ABD9991F28F}") = "WinFormsApp4", "WinFormsApp4\WinFormsApp4.vbproj", "{77BF1652-A915-48EC-BB61-3CB0F8746E56}"
EndProject
Global
	GlobalSection(SolutionConfigurationPlatforms) = preSolution
		Debug|Any CPU = Debug|Any CPU
		Release|Any CPU = Release|Any CPU
	EndGlobalSection
	GlobalSection(ProjectConfigurationPlatforms) = postSolution
		{77BF1652-A915-48EC-BB61-3CB0F8746E56}.Debug|Any CPU.ActiveCfg = Debug|Any CPU
		{77BF1652-A915-48EC-BB61-3CB0F8746E56}.Debug|Any CPU.Build.0 = Debug|Any CPU
		{77BF1652-A915-48EC-BB61-3CB0F8746E56}.Release|Any CPU.ActiveCfg = Release|Any CPU
		{77BF1652-A915-48EC-BB61-3CB0F8746E56}.Release|Any CPU.Build.0 = Release|Any CPU
	EndGlobalSection
	GlobalSection(SolutionProperties) = preSolution
		HideSolutionNode = FALSE
	EndGlobalSection
	GlobalSection(ExtensibilityGlobals) = postSolution
		SolutionGuid = {0D8247C3-E0A6-4670-AA9F-A4C142B792D3}
	EndGlobalSection
EndGlobal
